
Microsoft Visual Studio Solution File, Format Version 12.00
# Visual Studio 15
VisualStudioVersion = 15.0.28010.2048
MinimumVisualStudioVersion = 10.0.40219.1
Project("{FAE04EC0-301F-11D3-BF4B-00C04F79EFBC}") = "TCPServer", "TCPServer\TCPServer.csproj", "{4DC41030-6300-4163-A0F7-71B54AB566D2}"
EndProject
Project("{FAE04EC0-301F-11D3-BF4B-00C04F79EFBC}") = "Client", "Client\Client.csproj", "{FCE0E58D-0AD7-4DCD-AC5E-6DD11BA37FE4}"
EndProject
Global
	GlobalSection(SolutionConfigurationPlatforms) = preSolution
		Debug|Any CPU = Debug|Any CPU
		Release|Any CPU = Release|Any CPU
	EndGlobalSection
	GlobalSection(ProjectConfigurationPlatforms) = postSolution
		{4DC41030-6300-4163-A0F7-71B54AB566D2}.Debug|Any CPU.ActiveCfg = Debug|Any CPU
		{4DC41030-6300-4163-A0F7-71B54AB566D2}.Debug|Any CPU.Build.0 = Debug|Any CPU
		{4DC41030-6300-4163-A0F7-71B54AB566D2}.Release|Any CPU.ActiveCfg = Release|Any CPU
		{4DC41030-6300-4163-A0F7-71B54AB566D2}.Release|Any CPU.Build.0 = Release|Any CPU
		{FCE0E58D-0AD7-4DCD-AC5E-6DD11BA37FE4}.Debug|Any CPU.ActiveCfg = Debug|Any CPU
		{FCE0E58D-0AD7-4DCD-AC5E-6DD11BA37FE4}.Debug|Any CPU.Build.0 = Debug|Any CPU
		{FCE0E58D-0AD7-4DCD-AC5E-6DD11BA37FE4}.Release|Any CPU.ActiveCfg = Release|Any CPU
		{FCE0E58D-0AD7-4DCD-AC5E-6DD11BA37FE4}.Release|Any CPU.Build.0 = Release|Any CPU
	EndGlobalSection
	GlobalSection(SolutionProperties) = preSolution
		HideSolutionNode = FALSE
	EndGlobalSection
	GlobalSection(ExtensibilityGlobals) = postSolution
		SolutionGuid = {C3A08467-D9D0-43D0-A29D-B4636A0F385D}
	EndGlobalSection
EndGlobal
